
Microsoft Visual Studio Solution File, Format Version 12.00
# Visual Studio 15
VisualStudioVersion = 15.0.28307.421
MinimumVisualStudioVersion = 10.0.40219.1
Project("{FAE04EC0-301F-11D3-BF4B-00C04F79EFBC}") = "Rechnik", "Rechnik\Rechnik.csproj", "{9970FAF0-1C30-434C-9E7D-EBC8D56AC22A}"
EndProject
Global
	GlobalSection(SolutionConfigurationPlatforms) = preSolution
		Debug|Any CPU = Debug|Any CPU
		Release|Any CPU = Release|Any CPU
	EndGlobalSection
	GlobalSection(ProjectConfigurationPlatforms) = postSolution
		{9970FAF0-1C30-434C-9E7D-EBC8D56AC22A}.Debug|Any CPU.ActiveCfg = Debug|Any CPU
		{9970FAF0-1C30-434C-9E7D-EBC8D56AC22A}.Debug|Any CPU.Build.0 = Debug|Any CPU
		{9970FAF0-1C30-434C-9E7D-EBC8D56AC22A}.Release|Any CPU.ActiveCfg = Release|Any CPU
		{9970FAF0-1C30-434C-9E7D-EBC8D56AC22A}.Release|Any CPU.Build.0 = Release|Any CPU
	EndGlobalSection
	GlobalSection(SolutionProperties) = preSolution
		HideSolutionNode = FALSE
	EndGlobalSection
	GlobalSection(ExtensibilityGlobals) = postSolution
		SolutionGuid = {461841E1-CE2D-4D08-8EEC-93CB4C88BAA7}
	EndGlobalSection
EndGlobal
