
Microsoft Visual Studio Solution File, Format Version 12.00
# Visual Studio 15
VisualStudioVersion = 15.0.28307.421
MinimumVisualStudioVersion = 10.0.40219.1
Project("{FAE04EC0-301F-11D3-BF4B-00C04F79EFBC}") = "Solution1", "Solution1\Solution1.csproj", "{CFC9DAAE-7D48-4A9B-BEE5-B17FE1D39133}"
EndProject
Global
	GlobalSection(SolutionConfigurationPlatforms) = preSolution
		Debug|Any CPU = Debug|Any CPU
		Release|Any CPU = Release|Any CPU
	EndGlobalSection
	GlobalSection(ProjectConfigurationPlatforms) = postSolution
		{CFC9DAAE-7D48-4A9B-BEE5-B17FE1D39133}.Debug|Any CPU.ActiveCfg = Debug|Any CPU
		{CFC9DAAE-7D48-4A9B-BEE5-B17FE1D39133}.Debug|Any CPU.Build.0 = Debug|Any CPU
		{CFC9DAAE-7D48-4A9B-BEE5-B17FE1D39133}.Release|Any CPU.ActiveCfg = Release|Any CPU
		{CFC9DAAE-7D48-4A9B-BEE5-B17FE1D39133}.Release|Any CPU.Build.0 = Release|Any CPU
	EndGlobalSection
	GlobalSection(SolutionProperties) = preSolution
		HideSolutionNode = FALSE
	EndGlobalSection
	GlobalSection(ExtensibilityGlobals) = postSolution
		SolutionGuid = {42B77A46-C84A-4F96-B345-E3573A50B55F}
	EndGlobalSection
EndGlobal
