
Microsoft Visual Studio Solution File, Format Version 12.00
# Visual Studio 15
VisualStudioVersion = 15.0.28307.421
MinimumVisualStudioVersion = 10.0.40219.1
Project("{FAE04EC0-301F-11D3-BF4B-00C04F79EFBC}") = "LambdaFunkcii", "LambdaFunkcii\LambdaFunkcii.csproj", "{AEAA1392-5960-4152-B673-E7AB2E0B38DB}"
EndProject
Global
	GlobalSection(SolutionConfigurationPlatforms) = preSolution
		Debug|Any CPU = Debug|Any CPU
		Release|Any CPU = Release|Any CPU
	EndGlobalSection
	GlobalSection(ProjectConfigurationPlatforms) = postSolution
		{AEAA1392-5960-4152-B673-E7AB2E0B38DB}.Debug|Any CPU.ActiveCfg = Debug|Any CPU
		{AEAA1392-5960-4152-B673-E7AB2E0B38DB}.Debug|Any CPU.Build.0 = Debug|Any CPU
		{AEAA1392-5960-4152-B673-E7AB2E0B38DB}.Release|Any CPU.ActiveCfg = Release|Any CPU
		{AEAA1392-5960-4152-B673-E7AB2E0B38DB}.Release|Any CPU.Build.0 = Release|Any CPU
	EndGlobalSection
	GlobalSection(SolutionProperties) = preSolution
		HideSolutionNode = FALSE
	EndGlobalSection
	GlobalSection(ExtensibilityGlobals) = postSolution
		SolutionGuid = {AE7CC48E-AD1E-42A5-A140-E0A4B82A4AAD}
	EndGlobalSection
EndGlobal
