
Microsoft Visual Studio Solution File, Format Version 12.00
# Visual Studio 15
VisualStudioVersion = 15.0.28307.421
MinimumVisualStudioVersion = 10.0.40219.1
Project("{FAE04EC0-301F-11D3-BF4B-00C04F79EFBC}") = "07_Pr_2_Boolpr", "07_Pr_2_Boolpr\07_Pr_2_Boolpr.csproj", "{40F35A4A-983E-41F0-8AD9-9BA9E17F5C2A}"
EndProject
Global
	GlobalSection(SolutionConfigurationPlatforms) = preSolution
		Debug|Any CPU = Debug|Any CPU
		Release|Any CPU = Release|Any CPU
	EndGlobalSection
	GlobalSection(ProjectConfigurationPlatforms) = postSolution
		{40F35A4A-983E-41F0-8AD9-9BA9E17F5C2A}.Debug|Any CPU.ActiveCfg = Debug|Any CPU
		{40F35A4A-983E-41F0-8AD9-9BA9E17F5C2A}.Debug|Any CPU.Build.0 = Debug|Any CPU
		{40F35A4A-983E-41F0-8AD9-9BA9E17F5C2A}.Release|Any CPU.ActiveCfg = Release|Any CPU
		{40F35A4A-983E-41F0-8AD9-9BA9E17F5C2A}.Release|Any CPU.Build.0 = Release|Any CPU
	EndGlobalSection
	GlobalSection(SolutionProperties) = preSolution
		HideSolutionNode = FALSE
	EndGlobalSection
	GlobalSection(ExtensibilityGlobals) = postSolution
		SolutionGuid = {3DEFC280-20C5-49DB-8338-47D3DD129AC0}
	EndGlobalSection
EndGlobal
