
Microsoft Visual Studio Solution File, Format Version 12.00
# Visual Studio 15
VisualStudioVersion = 15.0.28307.421
MinimumVisualStudioVersion = 10.0.40219.1
Project("{FAE04EC0-301F-11D3-BF4B-00C04F79EFBC}") = "TelefonenUkazatel", "TelefonenUkazatel\TelefonenUkazatel.csproj", "{D6EEDFDC-B2E4-41A9-B257-ED98B332A833}"
EndProject
Global
	GlobalSection(SolutionConfigurationPlatforms) = preSolution
		Debug|Any CPU = Debug|Any CPU
		Release|Any CPU = Release|Any CPU
	EndGlobalSection
	GlobalSection(ProjectConfigurationPlatforms) = postSolution
		{D6EEDFDC-B2E4-41A9-B257-ED98B332A833}.Debug|Any CPU.ActiveCfg = Debug|Any CPU
		{D6EEDFDC-B2E4-41A9-B257-ED98B332A833}.Debug|Any CPU.Build.0 = Debug|Any CPU
		{D6EEDFDC-B2E4-41A9-B257-ED98B332A833}.Release|Any CPU.ActiveCfg = Release|Any CPU
		{D6EEDFDC-B2E4-41A9-B257-ED98B332A833}.Release|Any CPU.Build.0 = Release|Any CPU
	EndGlobalSection
	GlobalSection(SolutionProperties) = preSolution
		HideSolutionNode = FALSE
	EndGlobalSection
	GlobalSection(ExtensibilityGlobals) = postSolution
		SolutionGuid = {616148FF-34CF-4E72-9408-D040DDF2E951}
	EndGlobalSection
EndGlobal
