
Microsoft Visual Studio Solution File, Format Version 12.00
# Visual Studio 15
VisualStudioVersion = 15.0.28307.421
MinimumVisualStudioVersion = 10.0.40219.1
Project("{FAE04EC0-301F-11D3-BF4B-00C04F79EFBC}") = "05_word_3_ShesnToDeset", "05_word_3_ShesnToDeset\05_word_3_ShesnToDeset.csproj", "{D6267ECE-3626-46AA-8CAB-A6024AC805DE}"
EndProject
Global
	GlobalSection(SolutionConfigurationPlatforms) = preSolution
		Debug|Any CPU = Debug|Any CPU
		Release|Any CPU = Release|Any CPU
	EndGlobalSection
	GlobalSection(ProjectConfigurationPlatforms) = postSolution
		{D6267ECE-3626-46AA-8CAB-A6024AC805DE}.Debug|Any CPU.ActiveCfg = Debug|Any CPU
		{D6267ECE-3626-46AA-8CAB-A6024AC805DE}.Debug|Any CPU.Build.0 = Debug|Any CPU
		{D6267ECE-3626-46AA-8CAB-A6024AC805DE}.Release|Any CPU.ActiveCfg = Release|Any CPU
		{D6267ECE-3626-46AA-8CAB-A6024AC805DE}.Release|Any CPU.Build.0 = Release|Any CPU
	EndGlobalSection
	GlobalSection(SolutionProperties) = preSolution
		HideSolutionNode = FALSE
	EndGlobalSection
	GlobalSection(ExtensibilityGlobals) = postSolution
		SolutionGuid = {2C6F73DD-2CFD-4D9E-A9F9-FAE417CDA8A3}
	EndGlobalSection
EndGlobal
